{
  "name": "nexus-mutation",
  "version": "0.4.3",
  "lockfileVersion": 2,
  "requires": true,
  "packages": {
    "": {
      "name": "nexus-mutation",
      "version": "0.4.3",
      "license": "MIT",
      "devDependencies": {
        "graphql": "^15.4.0",
        "nexus": "^1.0.0",
        "typescript": "^4.1.3"
      },
      "peerDependencies": {
        "nexus": "^1.0.0"
      }
    },
    "node_modules/graphql": {
      "version": "15.4.0",
      "dev": true,
      "license": "MIT",
      "engines": {
        "node": ">= 10.x"
      }
    },
    "node_modules/iterall": {
      "version": "1.3.0",
      "dev": true,
      "license": "MIT"
    },
    "node_modules/nexus": {
      "version": "1.0.0",
      "dev": true,
      "license": "MIT",
      "dependencies": {
        "iterall": "^1.3.0",
        "tslib": "^2.0.3"
      },
      "peerDependencies": {
        "graphql": "^14.5.8 || 15.x"
      }
    },
    "node_modules/tslib": {
      "version": "2.0.3",
      "dev": true,
      "license": "0BSD"
    },
    "node_modules/typescript": {
      "version": "4.1.3",
      "dev": true,
      "license": "Apache-2.0",
      "bin": {
        "tsc": "bin/tsc",
        "tsserver": "bin/tsserver"
      },
      "engines": {
        "node": ">=4.2.0"
      }
    }
  },
  "dependencies": {
    "graphql": {
      "version": "15.4.0",
      "dev": true
    },
    "iterall": {
      "version": "1.3.0",
      "dev": true
    },
    "nexus": {
      "version": "1.0.0",
      "dev": true,
      "requires": {
        "iterall": "^1.3.0",
        "tslib": "^2.0.3"
      }
    },
    "tslib": {
      "version": "2.0.3",
      "dev": true
    },
    "typescript": {
      "version": "4.1.3",
      "dev": true
    }
  }
}
